{
  "name": "content-migrator",
  "lockfileVersion": 3,
  "requires": true,
  "packages": {
    "": {
      "name": "content-migrator",
      "dependencies": {
        "@dotcms/client": "^0.0.1-alpha.23",
        "fs": "^0.0.1-security"
      }
    },
    "node_modules/@dotcms/client": {
      "version": "0.0.1-alpha.23",
      "resolved": "https://registry.npmjs.org/@dotcms/client/-/client-0.0.1-alpha.23.tgz",
      "integrity": "sha512-X1I65xH3sNygQQNc5oCzp1aM9ujQFJ0xvoHq7ofXlC71YBI60Cqk8dnGknvFHZWFTnz6seEmYU6gedNvBaVe/g=="
    },
    "node_modules/fs": {
      "version": "0.0.1-security",
      "resolved": "https://registry.npmjs.org/fs/-/fs-0.0.1-security.tgz",
      "integrity": "sha512-3XY9e1pP0CVEUCdj5BmfIZxRBTSDycnbqhIOGec9QYtmVH2fbLpj86CFWkrNOkt/Fvty4KZG5lTglL9j/gJ87w=="
    }
  }
}
